
Microsoft Visual Studio Solution File, Format Version 12.00
# Visual Studio Version 17
VisualStudioVersion = 17.14.36414.22 d17.14
MinimumVisualStudioVersion = 10.0.40219.1
Project("{FAE04EC0-301F-11D3-BF4B-00C04F79EFBC}") = "Common", "Common.csproj", "{8530BD86-183B-4F5A-9949-B33A6798D723}"
EndProject
Global
	GlobalSection(SolutionConfigurationPlatforms) = preSolution
		Debug|Any CPU = Debug|Any CPU
		Release|Any CPU = Release|Any CPU
	EndGlobalSection
	GlobalSection(ProjectConfigurationPlatforms) = postSolution
		{8530BD86-183B-4F5A-9949-B33A6798D723}.Debug|Any CPU.ActiveCfg = Debug|Any CPU
		{8530BD86-183B-4F5A-9949-B33A6798D723}.Debug|Any CPU.Build.0 = Debug|Any CPU
		{8530BD86-183B-4F5A-9949-B33A6798D723}.Release|Any CPU.ActiveCfg = Release|Any CPU
		{8530BD86-183B-4F5A-9949-B33A6798D723}.Release|Any CPU.Build.0 = Release|Any CPU
	EndGlobalSection
	GlobalSection(SolutionProperties) = preSolution
		HideSolutionNode = FALSE
	EndGlobalSection
	GlobalSection(ExtensibilityGlobals) = postSolution
		SolutionGuid = {5E648650-A33F-4A77-B18D-C275BE291FCA}
	EndGlobalSection
EndGlobal
